
Microsoft Visual Studio Solution File, Format Version 12.00
# Visual Studio Version 17
VisualStudioVersion = 17.7.34018.315
MinimumVisualStudioVersion = 10.0.40219.1
Project("{FAE04EC0-301F-11D3-BF4B-00C04F79EFBC}") = "Demo20", "Demo20\Demo20.csproj", "{42994C66-13A3-4C6E-A0DE-FBD94C655087}"
EndProject
Global
	GlobalSection(SolutionConfigurationPlatforms) = preSolution
		Debug|Any CPU = Debug|Any CPU
		Release|Any CPU = Release|Any CPU
	EndGlobalSection
	GlobalSection(ProjectConfigurationPlatforms) = postSolution
		{42994C66-13A3-4C6E-A0DE-FBD94C655087}.Debug|Any CPU.ActiveCfg = Debug|Any CPU
		{42994C66-13A3-4C6E-A0DE-FBD94C655087}.Debug|Any CPU.Build.0 = Debug|Any CPU
		{42994C66-13A3-4C6E-A0DE-FBD94C655087}.Release|Any CPU.ActiveCfg = Release|Any CPU
		{42994C66-13A3-4C6E-A0DE-FBD94C655087}.Release|Any CPU.Build.0 = Release|Any CPU
	EndGlobalSection
	GlobalSection(SolutionProperties) = preSolution
		HideSolutionNode = FALSE
	EndGlobalSection
	GlobalSection(ExtensibilityGlobals) = postSolution
		SolutionGuid = {F042EFA3-6ACF-415B-8CB7-F80015403963}
	EndGlobalSection
EndGlobal
